
Microsoft Visual Studio Solution File, Format Version 12.00
# Visual Studio Version 16
VisualStudioVersion = 16.0.32510.428
MinimumVisualStudioVersion = 10.0.40219.1
Project("{FAE04EC0-301F-11D3-BF4B-00C04F79EFBC}") = "bifeldy-sd3-wf-452", "bifeldy-sd3-wf-452\bifeldy-sd3-wf-452.csproj", "{D9D61B67-1686-4166-A1FE-B483C55569C9}"
EndProject
Project("{FAE04EC0-301F-11D3-BF4B-00C04F79EFBC}") = "bifeldy-sd3-lib-452", "..\bifeldy-sd3-lib-452\bifeldy-sd3-lib-452\bifeldy-sd3-lib-452.csproj", "{66836374-FD58-47F9-ACFB-A8A4648CC823}"
EndProject
Global
	GlobalSection(SolutionConfigurationPlatforms) = preSolution
		Debug|Any CPU = Debug|Any CPU
		Release|Any CPU = Release|Any CPU
	EndGlobalSection
	GlobalSection(ProjectConfigurationPlatforms) = postSolution
		{D9D61B67-1686-4166-A1FE-B483C55569C9}.Debug|Any CPU.ActiveCfg = Debug|Any CPU
		{D9D61B67-1686-4166-A1FE-B483C55569C9}.Debug|Any CPU.Build.0 = Debug|Any CPU
		{D9D61B67-1686-4166-A1FE-B483C55569C9}.Release|Any CPU.ActiveCfg = Release|Any CPU
		{D9D61B67-1686-4166-A1FE-B483C55569C9}.Release|Any CPU.Build.0 = Release|Any CPU
		{66836374-FD58-47F9-ACFB-A8A4648CC823}.Debug|Any CPU.ActiveCfg = Debug|Any CPU
		{66836374-FD58-47F9-ACFB-A8A4648CC823}.Debug|Any CPU.Build.0 = Debug|Any CPU
		{66836374-FD58-47F9-ACFB-A8A4648CC823}.Release|Any CPU.ActiveCfg = Release|Any CPU
		{66836374-FD58-47F9-ACFB-A8A4648CC823}.Release|Any CPU.Build.0 = Release|Any CPU
	EndGlobalSection
	GlobalSection(SolutionProperties) = preSolution
		HideSolutionNode = FALSE
	EndGlobalSection
	GlobalSection(ExtensibilityGlobals) = postSolution
		SolutionGuid = {3168AB4C-B1A1-454B-8B16-CD711B7AA146}
	EndGlobalSection
EndGlobal
